// !$*UTF8*$!
{
	archiveVersion = 1;
	classes = {
	};
	objectVersion = 46;
	objects = {

/* Begin PBXBuildFile section */
		215DB5181DC37D9F00034124 /* Base62.framework in Frameworks */ = {isa = PBXBuildFile; fileRef = 215DB50E1DC37D9F00034124 /* Base62.framework */; };
		215DB52A1DC37DCA00034124 /* Base62.swift in Sources */ = {isa = PBXBuildFile; fileRef = 215DB5291DC37DCA00034124 /* Base62.swift */; };
		215DB52F1DC37DCD00034124 /* Base62.h in Headers */ = {isa = PBXBuildFile; fileRef = 215DB52C1DC37DCD00034124 /* Base62.h */; settings = {ATTRIBUTES = (Public, ); }; };
		215DB5351DC37DE300034124 /* Base62Tests.swift in Sources */ = {isa = PBXBuildFile; fileRef = 215DB5331DC37DD100034124 /* Base62Tests.swift */; };
		215DB5511DC37EF500034124 /* Base62.framework in Frameworks */ = {isa = PBXBuildFile; fileRef = 215DB5481DC37EF500034124 /* Base62.framework */; };
		215DB56D1DC37F0900034124 /* Base62.framework in Frameworks */ = {isa = PBXBuildFile; fileRef = 215DB5641DC37F0800034124 /* Base62.framework */; };
		215DB57B1DC37F1A00034124 /* Base62Tests.swift in Sources */ = {isa = PBXBuildFile; fileRef = 215DB5331DC37DD100034124 /* Base62Tests.swift */; };
		215DB57C1DC37F1B00034124 /* Base62Tests.swift in Sources */ = {isa = PBXBuildFile; fileRef = 215DB5331DC37DD100034124 /* Base62Tests.swift */; };
		215DB57D1DC37F1E00034124 /* Base62.h in Headers */ = {isa = PBXBuildFile; fileRef = 215DB52C1DC37DCD00034124 /* Base62.h */; settings = {ATTRIBUTES = (Public, ); }; };
		215DB57E1DC37F1F00034124 /* Base62.h in Headers */ = {isa = PBXBuildFile; fileRef = 215DB52C1DC37DCD00034124 /* Base62.h */; settings = {ATTRIBUTES = (Public, ); }; };
		215DB57F1DC37F1F00034124 /* Base62.h in Headers */ = {isa = PBXBuildFile; fileRef = 215DB52C1DC37DCD00034124 /* Base62.h */; settings = {ATTRIBUTES = (Public, ); }; };
		215DB5801DC37F2600034124 /* Base62.swift in Sources */ = {isa = PBXBuildFile; fileRef = 215DB5291DC37DCA00034124 /* Base62.swift */; };
		215DB5811DC37F2600034124 /* Base62.swift in Sources */ = {isa = PBXBuildFile; fileRef = 215DB5291DC37DCA00034124 /* Base62.swift */; };
		215DB5821DC37F2600034124 /* Base62.swift in Sources */ = {isa = PBXBuildFile; fileRef = 215DB5291DC37DCA00034124 /* Base62.swift */; };
/* End PBXBuildFile section */

/* Begin PBXContainerItemProxy section */
		215DB5191DC37D9F00034124 /* PBXContainerItemProxy */ = {
			isa = PBXContainerItemProxy;
			containerPortal = 215DB5051DC37D9F00034124 /* Project object */;
			proxyType = 1;
			remoteGlobalIDString = 215DB50D1DC37D9F00034124;
			remoteInfo = Base62;
		};
		215DB5521DC37EF500034124 /* PBXContainerItemProxy */ = {
			isa = PBXContainerItemProxy;
			containerPortal = 215DB5051DC37D9F00034124 /* Project object */;
			proxyType = 1;
			remoteGlobalIDString = 215DB5471DC37EF500034124;
			remoteInfo = Base62;
		};
		215DB56E1DC37F0900034124 /* PBXContainerItemProxy */ = {
			isa = PBXContainerItemProxy;
			containerPortal = 215DB5051DC37D9F00034124 /* Project object */;
			proxyType = 1;
			remoteGlobalIDString = 215DB5631DC37F0800034124;
			remoteInfo = Base62;
		};
/* End PBXContainerItemProxy section */

/* Begin PBXFileReference section */
		215DB50E1DC37D9F00034124 /* Base62.framework */ = {isa = PBXFileReference; explicitFileType = wrapper.framework; includeInIndex = 0; path = Base62.framework; sourceTree = BUILT_PRODUCTS_DIR; };
		215DB5171DC37D9F00034124 /* Base62Tests.xctest */ = {isa = PBXFileReference; explicitFileType = wrapper.cfbundle; includeInIndex = 0; path = Base62Tests.xctest; sourceTree = BUILT_PRODUCTS_DIR; };
		215DB5291DC37DCA00034124 /* Base62.swift */ = {isa = PBXFileReference; fileEncoding = 4; lastKnownFileType = sourcecode.swift; path = Base62.swift; sourceTree = "<group>"; };
		215DB52C1DC37DCD00034124 /* Base62.h */ = {isa = PBXFileReference; fileEncoding = 4; lastKnownFileType = sourcecode.c.h; path = Base62.h; sourceTree = "<group>"; };
		215DB52D1DC37DCD00034124 /* Info.plist */ = {isa = PBXFileReference; fileEncoding = 4; lastKnownFileType = text.plist.xml; path = Info.plist; sourceTree = "<group>"; };
		215DB52E1DC37DCD00034124 /* Tests-Info.plist */ = {isa = PBXFileReference; fileEncoding = 4; lastKnownFileType = text.plist.xml; path = "Tests-Info.plist"; sourceTree = "<group>"; };
		215DB5331DC37DD100034124 /* Base62Tests.swift */ = {isa = PBXFileReference; fileEncoding = 4; lastKnownFileType = sourcecode.swift; path = Base62Tests.swift; sourceTree = "<group>"; };
		215DB53B1DC37EE600034124 /* Base62.framework */ = {isa = PBXFileReference; explicitFileType = wrapper.framework; includeInIndex = 0; path = Base62.framework; sourceTree = BUILT_PRODUCTS_DIR; };
		215DB5481DC37EF500034124 /* Base62.framework */ = {isa = PBXFileReference; explicitFileType = wrapper.framework; includeInIndex = 0; path = Base62.framework; sourceTree = BUILT_PRODUCTS_DIR; };
		215DB5501DC37EF500034124 /* Base62Tests.xctest */ = {isa = PBXFileReference; explicitFileType = wrapper.cfbundle; includeInIndex = 0; path = Base62Tests.xctest; sourceTree = BUILT_PRODUCTS_DIR; };
		215DB5641DC37F0800034124 /* Base62.framework */ = {isa = PBXFileReference; explicitFileType = wrapper.framework; includeInIndex = 0; path = Base62.framework; sourceTree = BUILT_PRODUCTS_DIR; };
		215DB56C1DC37F0800034124 /* Base62Tests.xctest */ = {isa = PBXFileReference; explicitFileType = wrapper.cfbundle; includeInIndex = 0; path = Base62Tests.xctest; sourceTree = BUILT_PRODUCTS_DIR; };
/* End PBXFileReference section */

/* Begin PBXFrameworksBuildPhase section */
		215DB50A1DC37D9F00034124 /* Frameworks */ = {
			isa = PBXFrameworksBuildPhase;
			buildActionMask = 2147483647;
			files = (
			);
			runOnlyForDeploymentPostprocessing = 0;
		};
		215DB5141DC37D9F00034124 /* Frameworks */ = {
			isa = PBXFrameworksBuildPhase;
			buildActionMask = 2147483647;
			files = (
				215DB5181DC37D9F00034124 /* Base62.framework in Frameworks */,
			);
			runOnlyForDeploymentPostprocessing = 0;
		};
		215DB5371DC37EE600034124 /* Frameworks */ = {
			isa = PBXFrameworksBuildPhase;
			buildActionMask = 2147483647;
			files = (
			);
			runOnlyForDeploymentPostprocessing = 0;
		};
		215DB5441DC37EF500034124 /* Frameworks */ = {
			isa = PBXFrameworksBuildPhase;
			buildActionMask = 2147483647;
			files = (
			);
			runOnlyForDeploymentPostprocessing = 0;
		};
		215DB54D1DC37EF500034124 /* Frameworks */ = {
			isa = PBXFrameworksBuildPhase;
			buildActionMask = 2147483647;
			files = (
				215DB5511DC37EF500034124 /* Base62.framework in Frameworks */,
			);
			runOnlyForDeploymentPostprocessing = 0;
		};
		215DB5601DC37F0800034124 /* Frameworks */ = {
			isa = PBXFrameworksBuildPhase;
			buildActionMask = 2147483647;
			files = (
			);
			runOnlyForDeploymentPostprocessing = 0;
		};
		215DB5691DC37F0800034124 /* Frameworks */ = {
			isa = PBXFrameworksBuildPhase;
			buildActionMask = 2147483647;
			files = (
				215DB56D1DC37F0900034124 /* Base62.framework in Frameworks */,
			);
			runOnlyForDeploymentPostprocessing = 0;
		};
/* End PBXFrameworksBuildPhase section */

/* Begin PBXGroup section */
		215DB5041DC37D9F00034124 = {
			isa = PBXGroup;
			children = (
				215DB5281DC37DCA00034124 /* Sources */,
				215DB52B1DC37DCD00034124 /* Support */,
				215DB5321DC37DD100034124 /* Tests */,
				215DB50F1DC37D9F00034124 /* Products */,
			);
			sourceTree = "<group>";
		};
		215DB50F1DC37D9F00034124 /* Products */ = {
			isa = PBXGroup;
			children = (
				215DB50E1DC37D9F00034124 /* Base62.framework */,
				215DB5171DC37D9F00034124 /* Base62Tests.xctest */,
				215DB53B1DC37EE600034124 /* Base62.framework */,
				215DB5481DC37EF500034124 /* Base62.framework */,
				215DB5501DC37EF500034124 /* Base62Tests.xctest */,
				215DB5641DC37F0800034124 /* Base62.framework */,
				215DB56C1DC37F0800034124 /* Base62Tests.xctest */,
			);
			name = Products;
			sourceTree = "<group>";
		};
		215DB5281DC37DCA00034124 /* Sources */ = {
			isa = PBXGroup;
			children = (
				215DB5291DC37DCA00034124 /* Base62.swift */,
			);
			name = Sources;
			path = Sources/Base62;
			sourceTree = "<group>";
		};
		215DB52B1DC37DCD00034124 /* Support */ = {
			isa = PBXGroup;
			children = (
				215DB52C1DC37DCD00034124 /* Base62.h */,
				215DB52D1DC37DCD00034124 /* Info.plist */,
				215DB52E1DC37DCD00034124 /* Tests-Info.plist */,
			);
			path = Support;
			sourceTree = "<group>";
		};
		215DB5321DC37DD100034124 /* Tests */ = {
			isa = PBXGroup;
			children = (
				215DB5331DC37DD100034124 /* Base62Tests.swift */,
			);
			name = Tests;
			path = Tests/Base62Tests;
			sourceTree = "<group>";
		};
/* End PBXGroup section */

/* Begin PBXHeadersBuildPhase section */
		215DB50B1DC37D9F00034124 /* Headers */ = {
			isa = PBXHeadersBuildPhase;
			buildActionMask = 2147483647;
			files = (
				215DB52F1DC37DCD00034124 /* Base62.h in Headers */,
			);
			runOnlyForDeploymentPostprocessing = 0;
		};
		215DB5381DC37EE600034124 /* Headers */ = {
			isa = PBXHeadersBuildPhase;
			buildActionMask = 2147483647;
			files = (
				215DB57F1DC37F1F00034124 /* Base62.h in Headers */,
			);
			runOnlyForDeploymentPostprocessing = 0;
		};
		215DB5451DC37EF500034124 /* Headers */ = {
			isa = PBXHeadersBuildPhase;
			buildActionMask = 2147483647;
			files = (
				215DB57E1DC37F1F00034124 /* Base62.h in Headers */,
			);
			runOnlyForDeploymentPostprocessing = 0;
		};
		215DB5611DC37F0800034124 /* Headers */ = {
			isa = PBXHeadersBuildPhase;
			buildActionMask = 2147483647;
			files = (
				215DB57D1DC37F1E00034124 /* Base62.h in Headers */,
			);
			runOnlyForDeploymentPostprocessing = 0;
		};
/* End PBXHeadersBuildPhase section */

/* Begin PBXNativeTarget section */
		215DB50D1DC37D9F00034124 /* Base62-iOS */ = {
			isa = PBXNativeTarget;
			buildConfigurationList = 215DB5221DC37D9F00034124 /* Build configuration list for PBXNativeTarget "Base62-iOS" */;
			buildPhases = (
				215DB5091DC37D9F00034124 /* Sources */,
				215DB50A1DC37D9F00034124 /* Frameworks */,
				215DB50B1DC37D9F00034124 /* Headers */,
				215DB50C1DC37D9F00034124 /* Resources */,
			);
			buildRules = (
			);
			dependencies = (
			);
			name = "Base62-iOS";
			productName = Base62;
			productReference = 215DB50E1DC37D9F00034124 /* Base62.framework */;
			productType = "com.apple.product-type.framework";
		};
		215DB5161DC37D9F00034124 /* Base62Tests-iOS */ = {
			isa = PBXNativeTarget;
			buildConfigurationList = 215DB5251DC37D9F00034124 /* Build configuration list for PBXNativeTarget "Base62Tests-iOS" */;
			buildPhases = (
				215DB5131DC37D9F00034124 /* Sources */,
				215DB5141DC37D9F00034124 /* Frameworks */,
				215DB5151DC37D9F00034124 /* Resources */,
			);
			buildRules = (
			);
			dependencies = (
				215DB51A1DC37D9F00034124 /* PBXTargetDependency */,
			);
			name = "Base62Tests-iOS";
			productName = Base62Tests;
			productReference = 215DB5171DC37D9F00034124 /* Base62Tests.xctest */;
			productType = "com.apple.product-type.bundle.unit-test";
		};
		215DB53A1DC37EE600034124 /* Base62-watchOS */ = {
			isa = PBXNativeTarget;
			buildConfigurationList = 215DB5401DC37EE600034124 /* Build configuration list for PBXNativeTarget "Base62-watchOS" */;
			buildPhases = (
				215DB5361DC37EE600034124 /* Sources */,
				215DB5371DC37EE600034124 /* Frameworks */,
				215DB5381DC37EE600034124 /* Headers */,
				215DB5391DC37EE600034124 /* Resources */,
			);
			buildRules = (
			);
			dependencies = (
			);
			name = "Base62-watchOS";
			productName = Base62;
			productReference = 215DB53B1DC37EE600034124 /* Base62.framework */;
			productType = "com.apple.product-type.framework";
		};
		215DB5471DC37EF500034124 /* Base62-tvOS */ = {
			isa = PBXNativeTarget;
			buildConfigurationList = 215DB5591DC37EF500034124 /* Build configuration list for PBXNativeTarget "Base62-tvOS" */;
			buildPhases = (
				215DB5431DC37EF500034124 /* Sources */,
				215DB5441DC37EF500034124 /* Frameworks */,
				215DB5451DC37EF500034124 /* Headers */,
				215DB5461DC37EF500034124 /* Resources */,
			);
			buildRules = (
			);
			dependencies = (
			);
			name = "Base62-tvOS";
			productName = Base62;
			productReference = 215DB5481DC37EF500034124 /* Base62.framework */;
			productType = "com.apple.product-type.framework";
		};
		215DB54F1DC37EF500034124 /* Base62Tests-tvOS */ = {
			isa = PBXNativeTarget;
			buildConfigurationList = 215DB55C1DC37EF500034124 /* Build configuration list for PBXNativeTarget "Base62Tests-tvOS" */;
			buildPhases = (
				215DB54C1DC37EF500034124 /* Sources */,
				215DB54D1DC37EF500034124 /* Frameworks */,
				215DB54E1DC37EF500034124 /* Resources */,
			);
			buildRules = (
			);
			dependencies = (
				215DB5531DC37EF500034124 /* PBXTargetDependency */,
			);
			name = "Base62Tests-tvOS";
			productName = Base62Tests;
			productReference = 215DB5501DC37EF500034124 /* Base62Tests.xctest */;
			productType = "com.apple.product-type.bundle.unit-test";
		};
		215DB5631DC37F0800034124 /* Base62-macOS */ = {
			isa = PBXNativeTarget;
			buildConfigurationList = 215DB5751DC37F0900034124 /* Build configuration list for PBXNativeTarget "Base62-macOS" */;
			buildPhases = (
				215DB55F1DC37F0800034124 /* Sources */,
				215DB5601DC37F0800034124 /* Frameworks */,
				215DB5611DC37F0800034124 /* Headers */,
				215DB5621DC37F0800034124 /* Resources */,
			);
			buildRules = (
			);
			dependencies = (
			);
			name = "Base62-macOS";
			productName = Base62;
			productReference = 215DB5641DC37F0800034124 /* Base62.framework */;
			productType = "com.apple.product-type.framework";
		};
		215DB56B1DC37F0800034124 /* Base62Tests-macOS */ = {
			isa = PBXNativeTarget;
			buildConfigurationList = 215DB5781DC37F0900034124 /* Build configuration list for PBXNativeTarget "Base62Tests-macOS" */;
			buildPhases = (
				215DB5681DC37F0800034124 /* Sources */,
				215DB5691DC37F0800034124 /* Frameworks */,
				215DB56A1DC37F0800034124 /* Resources */,
			);
			buildRules = (
			);
			dependencies = (
				215DB56F1DC37F0900034124 /* PBXTargetDependency */,
			);
			name = "Base62Tests-macOS";
			productName = Base62Tests;
			productReference = 215DB56C1DC37F0800034124 /* Base62Tests.xctest */;
			productType = "com.apple.product-type.bundle.unit-test";
		};
/* End PBXNativeTarget section */

/* Begin PBXProject section */
		215DB5051DC37D9F00034124 /* Project object */ = {
			isa = PBXProject;
			attributes = {
				LastSwiftUpdateCheck = 0810;
				LastUpgradeCheck = 0810;
				ORGANIZATIONNAME = "Sam Soffes";
				TargetAttributes = {
					215DB50D1DC37D9F00034124 = {
						CreatedOnToolsVersion = 8.1;
						ProvisioningStyle = Automatic;
					};
					215DB5161DC37D9F00034124 = {
						CreatedOnToolsVersion = 8.1;
						ProvisioningStyle = Automatic;
					};
					215DB53A1DC37EE600034124 = {
						CreatedOnToolsVersion = 8.1;
						ProvisioningStyle = Automatic;
					};
					215DB5471DC37EF500034124 = {
						CreatedOnToolsVersion = 8.1;
						ProvisioningStyle = Automatic;
					};
					215DB54F1DC37EF500034124 = {
						CreatedOnToolsVersion = 8.1;
						ProvisioningStyle = Automatic;
					};
					215DB5631DC37F0800034124 = {
						CreatedOnToolsVersion = 8.1;
						ProvisioningStyle = Automatic;
					};
					215DB56B1DC37F0800034124 = {
						CreatedOnToolsVersion = 8.1;
						ProvisioningStyle = Automatic;
					};
				};
			};
			buildConfigurationList = 215DB5081DC37D9F00034124 /* Build configuration list for PBXProject "Base62" */;
			compatibilityVersion = "Xcode 3.2";
			developmentRegion = English;
			hasScannedForEncodings = 0;
			knownRegions = (
				en,
			);
			mainGroup = 215DB5041DC37D9F00034124;
			productRefGroup = 215DB50F1DC37D9F00034124 /* Products */;
			projectDirPath = "";
			projectRoot = "";
			targets = (
				215DB50D1DC37D9F00034124 /* Base62-iOS */,
				215DB5161DC37D9F00034124 /* Base62Tests-iOS */,
				215DB53A1DC37EE600034124 /* Base62-watchOS */,
				215DB5471DC37EF500034124 /* Base62-tvOS */,
				215DB54F1DC37EF500034124 /* Base62Tests-tvOS */,
				215DB5631DC37F0800034124 /* Base62-macOS */,
				215DB56B1DC37F0800034124 /* Base62Tests-macOS */,
			);
		};
/* End PBXProject section */

/* Begin PBXResourcesBuildPhase section */
		215DB50C1DC37D9F00034124 /* Resources */ = {
			isa = PBXResourcesBuildPhase;
			buildActionMask = 2147483647;
			files = (
			);
			runOnlyForDeploymentPostprocessing = 0;
		};
		215DB5151DC37D9F00034124 /* Resources */ = {
			isa = PBXResourcesBuildPhase;
			buildActionMask = 2147483647;
			files = (
			);
			runOnlyForDeploymentPostprocessing = 0;
		};
		215DB5391DC37EE600034124 /* Resources */ = {
			isa = PBXResourcesBuildPhase;
			buildActionMask = 2147483647;
			files = (
			);
			runOnlyForDeploymentPostprocessing = 0;
		};
		215DB5461DC37EF500034124 /* Resources */ = {
			isa = PBXResourcesBuildPhase;
			buildActionMask = 2147483647;
			files = (
			);
			runOnlyForDeploymentPostprocessing = 0;
		};
		215DB54E1DC37EF500034124 /* Resources */ = {
			isa = PBXResourcesBuildPhase;
			buildActionMask = 2147483647;
			files = (
			);
			runOnlyForDeploymentPostprocessing = 0;
		};
		215DB5621DC37F0800034124 /* Resources */ = {
			isa = PBXResourcesBuildPhase;
			buildActionMask = 2147483647;
			files = (
			);
			runOnlyForDeploymentPostprocessing = 0;
		};
		215DB56A1DC37F0800034124 /* Resources */ = {
			isa = PBXResourcesBuildPhase;
			buildActionMask = 2147483647;
			files = (
			);
			runOnlyForDeploymentPostprocessing = 0;
		};
/* End PBXResourcesBuildPhase section */

/* Begin PBXSourcesBuildPhase section */
		215DB5091DC37D9F00034124 /* Sources */ = {
			isa = PBXSourcesBuildPhase;
			buildActionMask = 2147483647;
			files = (
				215DB52A1DC37DCA00034124 /* Base62.swift in Sources */,
			);
			runOnlyForDeploymentPostprocessing = 0;
		};
		215DB5131DC37D9F00034124 /* Sources */ = {
			isa = PBXSourcesBuildPhase;
			buildActionMask = 2147483647;
			files = (
				215DB5351DC37DE300034124 /* Base62Tests.swift in Sources */,
			);
			runOnlyForDeploymentPostprocessing = 0;
		};
		215DB5361DC37EE600034124 /* Sources */ = {
			isa = PBXSourcesBuildPhase;
			buildActionMask = 2147483647;
			files = (
				215DB5821DC37F2600034124 /* Base62.swift in Sources */,
			);
			runOnlyForDeploymentPostprocessing = 0;
		};
		215DB5431DC37EF500034124 /* Sources */ = {
			isa = PBXSourcesBuildPhase;
			buildActionMask = 2147483647;
			files = (
				215DB5811DC37F2600034124 /* Base62.swift in Sources */,
			);
			runOnlyForDeploymentPostprocessing = 0;
		};
		215DB54C1DC37EF500034124 /* Sources */ = {
			isa = PBXSourcesBuildPhase;
			buildActionMask = 2147483647;
			files = (
				215DB57C1DC37F1B00034124 /* Base62Tests.swift in Sources */,
			);
			runOnlyForDeploymentPostprocessing = 0;
		};
		215DB55F1DC37F0800034124 /* Sources */ = {
			isa = PBXSourcesBuildPhase;
			buildActionMask = 2147483647;
			files = (
				215DB5801DC37F2600034124 /* Base62.swift in Sources */,
			);
			runOnlyForDeploymentPostprocessing = 0;
		};
		215DB5681DC37F0800034124 /* Sources */ = {
			isa = PBXSourcesBuildPhase;
			buildActionMask = 2147483647;
			files = (
				215DB57B1DC37F1A00034124 /* Base62Tests.swift in Sources */,
			);
			runOnlyForDeploymentPostprocessing = 0;
		};
/* End PBXSourcesBuildPhase section */

/* Begin PBXTargetDependency section */
		215DB51A1DC37D9F00034124 /* PBXTargetDependency */ = {
			isa = PBXTargetDependency;
			target = 215DB50D1DC37D9F00034124 /* Base62-iOS */;
			targetProxy = 215DB5191DC37D9F00034124 /* PBXContainerItemProxy */;
		};
		215DB5531DC37EF500034124 /* PBXTargetDependency */ = {
			isa = PBXTargetDependency;
			target = 215DB5471DC37EF500034124 /* Base62-tvOS */;
			targetProxy = 215DB5521DC37EF500034124 /* PBXContainerItemProxy */;
		};
		215DB56F1DC37F0900034124 /* PBXTargetDependency */ = {
			isa = PBXTargetDependency;
			target = 215DB5631DC37F0800034124 /* Base62-macOS */;
			targetProxy = 215DB56E1DC37F0900034124 /* PBXContainerItemProxy */;
		};
/* End PBXTargetDependency section */

/* Begin XCBuildConfiguration section */
		215DB5201DC37D9F00034124 /* Debug */ = {
			isa = XCBuildConfiguration;
			buildSettings = {
				ALWAYS_SEARCH_USER_PATHS = NO;
				APPLICATION_EXTENSION_API_ONLY = YES;
				CLANG_ANALYZER_NONNULL = YES;
				CLANG_CXX_LANGUAGE_STANDARD = "gnu++0x";
				CLANG_CXX_LIBRARY = "libc++";
				CLANG_ENABLE_MODULES = YES;
				CLANG_ENABLE_OBJC_ARC = YES;
				CLANG_WARN_BOOL_CONVERSION = YES;
				CLANG_WARN_CONSTANT_CONVERSION = YES;
				CLANG_WARN_DIRECT_OBJC_ISA_USAGE = YES_ERROR;
				CLANG_WARN_DOCUMENTATION_COMMENTS = YES;
				CLANG_WARN_EMPTY_BODY = YES;
				CLANG_WARN_ENUM_CONVERSION = YES;
				CLANG_WARN_INFINITE_RECURSION = YES;
				CLANG_WARN_INT_CONVERSION = YES;
				CLANG_WARN_OBJC_ROOT_CLASS = YES_ERROR;
				CLANG_WARN_SUSPICIOUS_MOVES = YES;
				CLANG_WARN_UNREACHABLE_CODE = YES;
				CLANG_WARN__DUPLICATE_METHOD_MATCH = YES;
				"CODE_SIGN_IDENTITY[sdk=iphoneos*]" = "iPhone Developer";
				COPY_PHASE_STRIP = NO;
				CURRENT_PROJECT_VERSION = 1;
				DEBUG_INFORMATION_FORMAT = dwarf;
				ENABLE_STRICT_OBJC_MSGSEND = YES;
				ENABLE_TESTABILITY = YES;
				GCC_C_LANGUAGE_STANDARD = gnu99;
				GCC_DYNAMIC_NO_PIC = NO;
				GCC_NO_COMMON_BLOCKS = YES;
				GCC_OPTIMIZATION_LEVEL = 0;
				GCC_PREPROCESSOR_DEFINITIONS = (
					"DEBUG=1",
					"$(inherited)",
				);
				GCC_WARN_64_TO_32_BIT_CONVERSION = YES;
				GCC_WARN_ABOUT_RETURN_TYPE = YES_ERROR;
				GCC_WARN_UNDECLARED_SELECTOR = YES;
				GCC_WARN_UNINITIALIZED_AUTOS = YES_AGGRESSIVE;
				GCC_WARN_UNUSED_FUNCTION = YES;
				GCC_WARN_UNUSED_VARIABLE = YES;
				IPHONEOS_DEPLOYMENT_TARGET = 8.0;
				MACOSX_DEPLOYMENT_TARGET = 10.9;
				MTL_ENABLE_DEBUG_INFO = YES;
				ONLY_ACTIVE_ARCH = YES;
				SDKROOT = iphoneos;
				SWIFT_ACTIVE_COMPILATION_CONDITIONS = DEBUG;
				SWIFT_OPTIMIZATION_LEVEL = "-Onone";
				SWIFT_VERSION = 3.0.1;
				TARGETED_DEVICE_FAMILY = "1,2";
				TVOS_DEPLOYMENT_TARGET = 9.0;
				VERSIONING_SYSTEM = "apple-generic";
				VERSION_INFO_PREFIX = "";
				WATCHOS_DEPLOYMENT_TARGET = 2.0;
			};
			name = Debug;
		};
		215DB5211DC37D9F00034124 /* Release */ = {
			isa = XCBuildConfiguration;
			buildSettings = {
				ALWAYS_SEARCH_USER_PATHS = NO;
				APPLICATION_EXTENSION_API_ONLY = YES;
				CLANG_ANALYZER_NONNULL = YES;
				CLANG_CXX_LANGUAGE_STANDARD = "gnu++0x";
				CLANG_CXX_LIBRARY = "libc++";
				CLANG_ENABLE_MODULES = YES;
				CLANG_ENABLE_OBJC_ARC = YES;
				CLANG_WARN_BOOL_CONVERSION = YES;
				CLANG_WARN_CONSTANT_CONVERSION = YES;
				CLANG_WARN_DIRECT_OBJC_ISA_USAGE = YES_ERROR;
				CLANG_WARN_DOCUMENTATION_COMMENTS = YES;
				CLANG_WARN_EMPTY_BODY = YES;
				CLANG_WARN_ENUM_CONVERSION = YES;
				CLANG_WARN_INFINITE_RECURSION = YES;
				CLANG_WARN_INT_CONVERSION = YES;
				CLANG_WARN_OBJC_ROOT_CLASS = YES_ERROR;
				CLANG_WARN_SUSPICIOUS_MOVES = YES;
				CLANG_WARN_UNREACHABLE_CODE = YES;
				CLANG_WARN__DUPLICATE_METHOD_MATCH = YES;
				"CODE_SIGN_IDENTITY[sdk=iphoneos*]" = "iPhone Developer";
				COPY_PHASE_STRIP = NO;
				CURRENT_PROJECT_VERSION = 1;
				DEBUG_INFORMATION_FORMAT = "dwarf-with-dsym";
				ENABLE_NS_ASSERTIONS = NO;
				ENABLE_STRICT_OBJC_MSGSEND = YES;
				GCC_C_LANGUAGE_STANDARD = gnu99;
				GCC_NO_COMMON_BLOCKS = YES;
				GCC_WARN_64_TO_32_BIT_CONVERSION = YES;
				GCC_WARN_ABOUT_RETURN_TYPE = YES_ERROR;
				GCC_WARN_UNDECLARED_SELECTOR = YES;
				GCC_WARN_UNINITIALIZED_AUTOS = YES_AGGRESSIVE;
				GCC_WARN_UNUSED_FUNCTION = YES;
				GCC_WARN_UNUSED_VARIABLE = YES;
				IPHONEOS_DEPLOYMENT_TARGET = 8.0;
				MACOSX_DEPLOYMENT_TARGET = 10.9;
				MTL_ENABLE_DEBUG_INFO = NO;
				SDKROOT = iphoneos;
				SWIFT_OPTIMIZATION_LEVEL = "-Owholemodule";
				SWIFT_VERSION = 3.0.1;
				TARGETED_DEVICE_FAMILY = "1,2";
				TVOS_DEPLOYMENT_TARGET = 9.0;
				VALIDATE_PRODUCT = YES;
				VERSIONING_SYSTEM = "apple-generic";
				VERSION_INFO_PREFIX = "";
				WATCHOS_DEPLOYMENT_TARGET = 2.0;
			};
			name = Release;
		};
		215DB5231DC37D9F00034124 /* Debug */ = {
			isa = XCBuildConfiguration;
			buildSettings = {
				CODE_SIGN_IDENTITY = "";
				DEFINES_MODULE = YES;
				DYLIB_COMPATIBILITY_VERSION = 1;
				DYLIB_CURRENT_VERSION = 1;
				DYLIB_INSTALL_NAME_BASE = "@rpath";
				INFOPLIST_FILE = "$(SRCROOT)/Support/Info.plist";
				INSTALL_PATH = "$(LOCAL_LIBRARY_DIR)/Frameworks";
				LD_RUNPATH_SEARCH_PATHS = "$(inherited) @executable_path/Frameworks @loader_path/Frameworks";
				PRODUCT_BUNDLE_IDENTIFIER = com.samsoffes.base62;
				PRODUCT_NAME = Base62;
				SKIP_INSTALL = YES;
			};
			name = Debug;
		};
		215DB5241DC37D9F00034124 /* Release */ = {
			isa = XCBuildConfiguration;
			buildSettings = {
				CODE_SIGN_IDENTITY = "";
				DEFINES_MODULE = YES;
				DYLIB_COMPATIBILITY_VERSION = 1;
				DYLIB_CURRENT_VERSION = 1;
				DYLIB_INSTALL_NAME_BASE = "@rpath";
				INFOPLIST_FILE = "$(SRCROOT)/Support/Info.plist";
				INSTALL_PATH = "$(LOCAL_LIBRARY_DIR)/Frameworks";
				LD_RUNPATH_SEARCH_PATHS = "$(inherited) @executable_path/Frameworks @loader_path/Frameworks";
				PRODUCT_BUNDLE_IDENTIFIER = com.samsoffes.base62;
				PRODUCT_NAME = Base62;
				SKIP_INSTALL = YES;
			};
			name = Release;
		};
		215DB5261DC37D9F00034124 /* Debug */ = {
			isa = XCBuildConfiguration;
			buildSettings = {
				ALWAYS_EMBED_SWIFT_STANDARD_LIBRARIES = YES;
				APPLICATION_EXTENSION_API_ONLY = NO;
				INFOPLIST_FILE = "Support/Tests-Info.plist";
				LD_RUNPATH_SEARCH_PATHS = "$(inherited) @executable_path/Frameworks @loader_path/Frameworks";
				PRODUCT_BUNDLE_IDENTIFIER = com.samsoffes.base62.tests;
				PRODUCT_NAME = Base62Tests;
			};
			name = Debug;
		};
		215DB5271DC37D9F00034124 /* Release */ = {
			isa = XCBuildConfiguration;
			buildSettings = {
				ALWAYS_EMBED_SWIFT_STANDARD_LIBRARIES = YES;
				APPLICATION_EXTENSION_API_ONLY = NO;
				INFOPLIST_FILE = "Support/Tests-Info.plist";
				LD_RUNPATH_SEARCH_PATHS = "$(inherited) @executable_path/Frameworks @loader_path/Frameworks";
				PRODUCT_BUNDLE_IDENTIFIER = com.samsoffes.base62.tests;
				PRODUCT_NAME = Base62Tests;
			};
			name = Release;
		};
		215DB5411DC37EE600034124 /* Debug */ = {
			isa = XCBuildConfiguration;
			buildSettings = {
				APPLICATION_EXTENSION_API_ONLY = YES;
				CODE_SIGN_IDENTITY = "";
				DEFINES_MODULE = YES;
				DYLIB_COMPATIBILITY_VERSION = 1;
				DYLIB_CURRENT_VERSION = 1;
				DYLIB_INSTALL_NAME_BASE = "@rpath";
				INFOPLIST_FILE = Support/Info.plist;
				INSTALL_PATH = "$(LOCAL_LIBRARY_DIR)/Frameworks";
				LD_RUNPATH_SEARCH_PATHS = "$(inherited) @executable_path/Frameworks @loader_path/Frameworks";
				PRODUCT_BUNDLE_IDENTIFIER = com.samsoffes.base62;
				PRODUCT_NAME = Base62;
				SDKROOT = watchos;
				SKIP_INSTALL = YES;
				TARGETED_DEVICE_FAMILY = 4;
				WATCHOS_DEPLOYMENT_TARGET = 3.1;
			};
			name = Debug;
		};
		215DB5421DC37EE600034124 /* Release */ = {
			isa = XCBuildConfiguration;
			buildSettings = {
				APPLICATION_EXTENSION_API_ONLY = YES;
				CODE_SIGN_IDENTITY = "";
				DEFINES_MODULE = YES;
				DYLIB_COMPATIBILITY_VERSION = 1;
				DYLIB_CURRENT_VERSION = 1;
				DYLIB_INSTALL_NAME_BASE = "@rpath";
				INFOPLIST_FILE = Support/Info.plist;
				INSTALL_PATH = "$(LOCAL_LIBRARY_DIR)/Frameworks";
				LD_RUNPATH_SEARCH_PATHS = "$(inherited) @executable_path/Frameworks @loader_path/Frameworks";
				PRODUCT_BUNDLE_IDENTIFIER = com.samsoffes.base62;
				PRODUCT_NAME = Base62;
				SDKROOT = watchos;
				SKIP_INSTALL = YES;
				TARGETED_DEVICE_FAMILY = 4;
				WATCHOS_DEPLOYMENT_TARGET = 3.1;
			};
			name = Release;
		};
		215DB55A1DC37EF500034124 /* Debug */ = {
			isa = XCBuildConfiguration;
			buildSettings = {
				CODE_SIGN_IDENTITY = "";
				DEFINES_MODULE = YES;
				DYLIB_COMPATIBILITY_VERSION = 1;
				DYLIB_CURRENT_VERSION = 1;
				DYLIB_INSTALL_NAME_BASE = "@rpath";
				INFOPLIST_FILE = Support/Info.plist;
				INSTALL_PATH = "$(LOCAL_LIBRARY_DIR)/Frameworks";
				LD_RUNPATH_SEARCH_PATHS = "$(inherited) @executable_path/Frameworks @loader_path/Frameworks";
				PRODUCT_BUNDLE_IDENTIFIER = com.samsoffes.base62;
				PRODUCT_NAME = Base62;
				SDKROOT = appletvos;
				SKIP_INSTALL = YES;
				TARGETED_DEVICE_FAMILY = 3;
				TVOS_DEPLOYMENT_TARGET = 10.0;
			};
			name = Debug;
		};
		215DB55B1DC37EF500034124 /* Release */ = {
			isa = XCBuildConfiguration;
			buildSettings = {
				CODE_SIGN_IDENTITY = "";
				DEFINES_MODULE = YES;
				DYLIB_COMPATIBILITY_VERSION = 1;
				DYLIB_CURRENT_VERSION = 1;
				DYLIB_INSTALL_NAME_BASE = "@rpath";
				INFOPLIST_FILE = Support/Info.plist;
				INSTALL_PATH = "$(LOCAL_LIBRARY_DIR)/Frameworks";
				LD_RUNPATH_SEARCH_PATHS = "$(inherited) @executable_path/Frameworks @loader_path/Frameworks";
				PRODUCT_BUNDLE_IDENTIFIER = com.samsoffes.base62;
				PRODUCT_NAME = Base62;
				SDKROOT = appletvos;
				SKIP_INSTALL = YES;
				TARGETED_DEVICE_FAMILY = 3;
				TVOS_DEPLOYMENT_TARGET = 10.0;
			};
			name = Release;
		};
		215DB55D1DC37EF500034124 /* Debug */ = {
			isa = XCBuildConfiguration;
			buildSettings = {
				ALWAYS_EMBED_SWIFT_STANDARD_LIBRARIES = YES;
				APPLICATION_EXTENSION_API_ONLY = NO;
				INFOPLIST_FILE = "Support/Tests-Info.plist";
				LD_RUNPATH_SEARCH_PATHS = "$(inherited) @executable_path/Frameworks @loader_path/Frameworks";
				PRODUCT_BUNDLE_IDENTIFIER = com.samsoffes.base62.tests;
				PRODUCT_NAME = Base62Tests;
				SDKROOT = appletvos;
				TVOS_DEPLOYMENT_TARGET = 10.0;
			};
			name = Debug;
		};
		215DB55E1DC37EF500034124 /* Release */ = {
			isa = XCBuildConfiguration;
			buildSettings = {
				ALWAYS_EMBED_SWIFT_STANDARD_LIBRARIES = YES;
				APPLICATION_EXTENSION_API_ONLY = NO;
				INFOPLIST_FILE = "Support/Tests-Info.plist";
				LD_RUNPATH_SEARCH_PATHS = "$(inherited) @executable_path/Frameworks @loader_path/Frameworks";
				PRODUCT_BUNDLE_IDENTIFIER = com.samsoffes.base62.tests;
				PRODUCT_NAME = Base62Tests;
				SDKROOT = appletvos;
				TVOS_DEPLOYMENT_TARGET = 10.0;
			};
			name = Release;
		};
		215DB5761DC37F0900034124 /* Debug */ = {
			isa = XCBuildConfiguration;
			buildSettings = {
				CODE_SIGN_IDENTITY = "-";
				COMBINE_HIDPI_IMAGES = YES;
				DEFINES_MODULE = YES;
				DYLIB_COMPATIBILITY_VERSION = 1;
				DYLIB_CURRENT_VERSION = 1;
				DYLIB_INSTALL_NAME_BASE = "@rpath";
				FRAMEWORK_VERSION = A;
				INFOPLIST_FILE = Support/Info.plist;
				INSTALL_PATH = "$(LOCAL_LIBRARY_DIR)/Frameworks";
				LD_RUNPATH_SEARCH_PATHS = "$(inherited) @executable_path/../Frameworks @loader_path/Frameworks";
				MACOSX_DEPLOYMENT_TARGET = 10.12;
				PRODUCT_BUNDLE_IDENTIFIER = com.samsoffes.base62;
				PRODUCT_NAME = Base62;
				SDKROOT = macosx;
				SKIP_INSTALL = YES;
			};
			name = Debug;
		};
		215DB5771DC37F0900034124 /* Release */ = {
			isa = XCBuildConfiguration;
			buildSettings = {
				CODE_SIGN_IDENTITY = "-";
				COMBINE_HIDPI_IMAGES = YES;
				DEFINES_MODULE = YES;
				DYLIB_COMPATIBILITY_VERSION = 1;
				DYLIB_CURRENT_VERSION = 1;
				DYLIB_INSTALL_NAME_BASE = "@rpath";
				FRAMEWORK_VERSION = A;
				INFOPLIST_FILE = Support/Info.plist;
				INSTALL_PATH = "$(LOCAL_LIBRARY_DIR)/Frameworks";
				LD_RUNPATH_SEARCH_PATHS = "$(inherited) @executable_path/../Frameworks @loader_path/Frameworks";
				MACOSX_DEPLOYMENT_TARGET = 10.12;
				PRODUCT_BUNDLE_IDENTIFIER = com.samsoffes.base62;
				PRODUCT_NAME = Base62;
				SDKROOT = macosx;
				SKIP_INSTALL = YES;
			};
			name = Release;
		};
		215DB5791DC37F0900034124 /* Debug */ = {
			isa = XCBuildConfiguration;
			buildSettings = {
				ALWAYS_EMBED_SWIFT_STANDARD_LIBRARIES = YES;
				APPLICATION_EXTENSION_API_ONLY = NO;
				CODE_SIGN_IDENTITY = "-";
				COMBINE_HIDPI_IMAGES = YES;
				INFOPLIST_FILE = "Support/Tests-Info.plist";
				LD_RUNPATH_SEARCH_PATHS = "$(inherited) @executable_path/../Frameworks @loader_path/../Frameworks";
				MACOSX_DEPLOYMENT_TARGET = 10.12;
				PRODUCT_BUNDLE_IDENTIFIER = com.samsoffes.base62.tests;
				PRODUCT_NAME = Base62Tests;
				SDKROOT = macosx;
			};
			name = Debug;
		};
		215DB57A1DC37F0900034124 /* Release */ = {
			isa = XCBuildConfiguration;
			buildSettings = {
				ALWAYS_EMBED_SWIFT_STANDARD_LIBRARIES = YES;
				APPLICATION_EXTENSION_API_ONLY = NO;
				CODE_SIGN_IDENTITY = "-";
				COMBINE_HIDPI_IMAGES = YES;
				INFOPLIST_FILE = "Support/Tests-Info.plist";
				LD_RUNPATH_SEARCH_PATHS = "$(inherited) @executable_path/../Frameworks @loader_path/../Frameworks";
				MACOSX_DEPLOYMENT_TARGET = 10.12;
				PRODUCT_BUNDLE_IDENTIFIER = com.samsoffes.base62.tests;
				PRODUCT_NAME = Base62Tests;
				SDKROOT = macosx;
			};
			name = Release;
		};
/* End XCBuildConfiguration section */

/* Begin XCConfigurationList section */
		215DB5081DC37D9F00034124 /* Build configuration list for PBXProject "Base62" */ = {
			isa = XCConfigurationList;
			buildConfigurations = (
				215DB5201DC37D9F00034124 /* Debug */,
				215DB5211DC37D9F00034124 /* Release */,
			);
			defaultConfigurationIsVisible = 0;
			defaultConfigurationName = Release;
		};
		215DB5221DC37D9F00034124 /* Build configuration list for PBXNativeTarget "Base62-iOS" */ = {
			isa = XCConfigurationList;
			buildConfigurations = (
				215DB5231DC37D9F00034124 /* Debug */,
				215DB5241DC37D9F00034124 /* Release */,
			);
			defaultConfigurationIsVisible = 0;
			defaultConfigurationName = Release;
		};
		215DB5251DC37D9F00034124 /* Build configuration list for PBXNativeTarget "Base62Tests-iOS" */ = {
			isa = XCConfigurationList;
			buildConfigurations = (
				215DB5261DC37D9F00034124 /* Debug */,
				215DB5271DC37D9F00034124 /* Release */,
			);
			defaultConfigurationIsVisible = 0;
			defaultConfigurationName = Release;
		};
		215DB5401DC37EE600034124 /* Build configuration list for PBXNativeTarget "Base62-watchOS" */ = {
			isa = XCConfigurationList;
			buildConfigurations = (
				215DB5411DC37EE600034124 /* Debug */,
				215DB5421DC37EE600034124 /* Release */,
			);
			defaultConfigurationIsVisible = 0;
		};
		215DB5591DC37EF500034124 /* Build configuration list for PBXNativeTarget "Base62-tvOS" */ = {
			isa = XCConfigurationList;
			buildConfigurations = (
				215DB55A1DC37EF500034124 /* Debug */,
				215DB55B1DC37EF500034124 /* Release */,
			);
			defaultConfigurationIsVisible = 0;
		};
		215DB55C1DC37EF500034124 /* Build configuration list for PBXNativeTarget "Base62Tests-tvOS" */ = {
			isa = XCConfigurationList;
			buildConfigurations = (
				215DB55D1DC37EF500034124 /* Debug */,
				215DB55E1DC37EF500034124 /* Release */,
			);
			defaultConfigurationIsVisible = 0;
		};
		215DB5751DC37F0900034124 /* Build configuration list for PBXNativeTarget "Base62-macOS" */ = {
			isa = XCConfigurationList;
			buildConfigurations = (
				215DB5761DC37F0900034124 /* Debug */,
				215DB5771DC37F0900034124 /* Release */,
			);
			defaultConfigurationIsVisible = 0;
		};
		215DB5781DC37F0900034124 /* Build configuration list for PBXNativeTarget "Base62Tests-macOS" */ = {
			isa = XCConfigurationList;
			buildConfigurations = (
				215DB5791DC37F0900034124 /* Debug */,
				215DB57A1DC37F0900034124 /* Release */,
			);
			defaultConfigurationIsVisible = 0;
		};
/* End XCConfigurationList section */
	};
	rootObject = 215DB5051DC37D9F00034124 /* Project object */;
}
